// !$*UTF8*$!
{
	archiveVersion = 1;
	classes = {
	};
	objectVersion = 50;
	objects = {

/* Begin PBXBuildFile section */
		D9D8D9B323BB66B80011A5FE /* AppDelegate.swift in Sources */ = {isa = PBXBuildFile; fileRef = D9D8D9B223BB66B80011A5FE /* AppDelegate.swift */; };
		D9D8D9B723BB66B80011A5FE /* ViewController.swift in Sources */ = {isa = PBXBuildFile; fileRef = D9D8D9B623BB66B80011A5FE /* ViewController.swift */; };
		D9D8D9BA23BB66B80011A5FE /* Main.storyboard in Resources */ = {isa = PBXBuildFile; fileRef = D9D8D9B823BB66B80011A5FE /* Main.storyboard */; };
		D9D8D9BC23BB66BA0011A5FE /* Assets.xcassets in Resources */ = {isa = PBXBuildFile; fileRef = D9D8D9BB23BB66BA0011A5FE /* Assets.xcassets */; };
		D9D8D9BF23BB66BA0011A5FE /* LaunchScreen.storyboard in Resources */ = {isa = PBXBuildFile; fileRef = D9D8D9BD23BB66BA0011A5FE /* LaunchScreen.storyboard */; };
		D9D8D9CA23BB67C30011A5FE /* CustomButton.swift in Sources */ = {isa = PBXBuildFile; fileRef = D9D8D9C723BB67C30011A5FE /* CustomButton.swift */; };
		D9D8D9CB23BB67C30011A5FE /* CustomLabel.swift in Sources */ = {isa = PBXBuildFile; fileRef = D9D8D9C823BB67C30011A5FE /* CustomLabel.swift */; };
		D9D8D9CC23BB67C30011A5FE /* customTextField.swift in Sources */ = {isa = PBXBuildFile; fileRef = D9D8D9C923BB67C30011A5FE /* customTextField.swift */; };
		D9D8D9CE23BB68720011A5FE /* Langauge.swift in Sources */ = {isa = PBXBuildFile; fileRef = D9D8D9CD23BB68720011A5FE /* Langauge.swift */; };
/* End PBXBuildFile section */

/* Begin PBXFileReference section */
		D9D8D9AF23BB66B80011A5FE /* languages.app */ = {isa = PBXFileReference; explicitFileType = wrapper.application; includeInIndex = 0; path = languages.app; sourceTree = BUILT_PRODUCTS_DIR; };
		D9D8D9B223BB66B80011A5FE /* AppDelegate.swift */ = {isa = PBXFileReference; lastKnownFileType = sourcecode.swift; path = AppDelegate.swift; sourceTree = "<group>"; };
		D9D8D9B623BB66B80011A5FE /* ViewController.swift */ = {isa = PBXFileReference; lastKnownFileType = sourcecode.swift; path = ViewController.swift; sourceTree = "<group>"; };
		D9D8D9B923BB66B80011A5FE /* Base */ = {isa = PBXFileReference; lastKnownFileType = file.storyboard; name = Base; path = Base.lproj/Main.storyboard; sourceTree = "<group>"; };
		D9D8D9BB23BB66BA0011A5FE /* Assets.xcassets */ = {isa = PBXFileReference; lastKnownFileType = folder.assetcatalog; path = Assets.xcassets; sourceTree = "<group>"; };
		D9D8D9BE23BB66BA0011A5FE /* Base */ = {isa = PBXFileReference; lastKnownFileType = file.storyboard; name = Base; path = Base.lproj/LaunchScreen.storyboard; sourceTree = "<group>"; };
		D9D8D9C023BB66BA0011A5FE /* Info.plist */ = {isa = PBXFileReference; lastKnownFileType = text.plist.xml; path = Info.plist; sourceTree = "<group>"; };
		D9D8D9C723BB67C30011A5FE /* CustomButton.swift */ = {isa = PBXFileReference; fileEncoding = 4; lastKnownFileType = sourcecode.swift; path = CustomButton.swift; sourceTree = "<group>"; };
		D9D8D9C823BB67C30011A5FE /* CustomLabel.swift */ = {isa = PBXFileReference; fileEncoding = 4; lastKnownFileType = sourcecode.swift; path = CustomLabel.swift; sourceTree = "<group>"; };
		D9D8D9C923BB67C30011A5FE /* customTextField.swift */ = {isa = PBXFileReference; fileEncoding = 4; lastKnownFileType = sourcecode.swift; path = customTextField.swift; sourceTree = "<group>"; };
		D9D8D9CD23BB68720011A5FE /* Langauge.swift */ = {isa = PBXFileReference; fileEncoding = 4; lastKnownFileType = sourcecode.swift; path = Langauge.swift; sourceTree = "<group>"; };
/* End PBXFileReference section */

/* Begin PBXFrameworksBuildPhase section */
		D9D8D9AC23BB66B80011A5FE /* Frameworks */ = {
			isa = PBXFrameworksBuildPhase;
			buildActionMask = 2147483647;
			files = (
			);
			runOnlyForDeploymentPostprocessing = 0;
		};
/* End PBXFrameworksBuildPhase section */

/* Begin PBXGroup section */
		D9D8D9A623BB66B80011A5FE = {
			isa = PBXGroup;
			children = (
				D9D8D9B123BB66B80011A5FE /* languages */,
				D9D8D9B023BB66B80011A5FE /* Products */,
			);
			sourceTree = "<group>";
		};
		D9D8D9B023BB66B80011A5FE /* Products */ = {
			isa = PBXGroup;
			children = (
				D9D8D9AF23BB66B80011A5FE /* languages.app */,
			);
			name = Products;
			sourceTree = "<group>";
		};
		D9D8D9B123BB66B80011A5FE /* languages */ = {
			isa = PBXGroup;
			children = (
				D9D8D9C623BB67A60011A5FE /* Lib */,
				D9D8D9B223BB66B80011A5FE /* AppDelegate.swift */,
				D9D8D9B623BB66B80011A5FE /* ViewController.swift */,
				D9D8D9B823BB66B80011A5FE /* Main.storyboard */,
				D9D8D9BB23BB66BA0011A5FE /* Assets.xcassets */,
				D9D8D9BD23BB66BA0011A5FE /* LaunchScreen.storyboard */,
				D9D8D9C023BB66BA0011A5FE /* Info.plist */,
			);
			path = languages;
			sourceTree = "<group>";
		};
		D9D8D9C623BB67A60011A5FE /* Lib */ = {
			isa = PBXGroup;
			children = (
				D9D8D9CD23BB68720011A5FE /* Langauge.swift */,
				D9D8D9C723BB67C30011A5FE /* CustomButton.swift */,
				D9D8D9C823BB67C30011A5FE /* CustomLabel.swift */,
				D9D8D9C923BB67C30011A5FE /* customTextField.swift */,
			);
			path = Lib;
			sourceTree = "<group>";
		};
/* End PBXGroup section */

/* Begin PBXNativeTarget section */
		D9D8D9AE23BB66B80011A5FE /* languages */ = {
			isa = PBXNativeTarget;
			buildConfigurationList = D9D8D9C323BB66BA0011A5FE /* Build configuration list for PBXNativeTarget "languages" */;
			buildPhases = (
				D9D8D9AB23BB66B80011A5FE /* Sources */,
				D9D8D9AC23BB66B80011A5FE /* Frameworks */,
				D9D8D9AD23BB66B80011A5FE /* Resources */,
			);
			buildRules = (
			);
			dependencies = (
			);
			name = languages;
			productName = languages;
			productReference = D9D8D9AF23BB66B80011A5FE /* languages.app */;
			productType = "com.apple.product-type.application";
		};
/* End PBXNativeTarget section */

/* Begin PBXProject section */
		D9D8D9A723BB66B80011A5FE /* Project object */ = {
			isa = PBXProject;
			attributes = {
				LastSwiftUpdateCheck = 1120;
				LastUpgradeCheck = 1120;
				ORGANIZATIONNAME = mohamed;
				TargetAttributes = {
					D9D8D9AE23BB66B80011A5FE = {
						CreatedOnToolsVersion = 11.2.1;
					};
				};
			};
			buildConfigurationList = D9D8D9AA23BB66B80011A5FE /* Build configuration list for PBXProject "languages" */;
			compatibilityVersion = "Xcode 9.3";
			developmentRegion = en;
			hasScannedForEncodings = 0;
			knownRegions = (
				en,
				Base,
			);
			mainGroup = D9D8D9A623BB66B80011A5FE;
			productRefGroup = D9D8D9B023BB66B80011A5FE /* Products */;
			projectDirPath = "";
			projectRoot = "";
			targets = (
				D9D8D9AE23BB66B80011A5FE /* languages */,
			);
		};
/* End PBXProject section */

/* Begin PBXResourcesBuildPhase section */
		D9D8D9AD23BB66B80011A5FE /* Resources */ = {
			isa = PBXResourcesBuildPhase;
			buildActionMask = 2147483647;
			files = (
				D9D8D9BF23BB66BA0011A5FE /* LaunchScreen.storyboard in Resources */,
				D9D8D9BC23BB66BA0011A5FE /* Assets.xcassets in Resources */,
				D9D8D9BA23BB66B80011A5FE /* Main.storyboard in Resources */,
			);
			runOnlyForDeploymentPostprocessing = 0;
		};
/* End PBXResourcesBuildPhase section */

/* Begin PBXSourcesBuildPhase section */
		D9D8D9AB23BB66B80011A5FE /* Sources */ = {
			isa = PBXSourcesBuildPhase;
			buildActionMask = 2147483647;
			files = (
				D9D8D9CA23BB67C30011A5FE /* CustomButton.swift in Sources */,
				D9D8D9CE23BB68720011A5FE /* Langauge.swift in Sources */,
				D9D8D9CB23BB67C30011A5FE /* CustomLabel.swift in Sources */,
				D9D8D9CC23BB67C30011A5FE /* customTextField.swift in Sources */,
				D9D8D9B723BB66B80011A5FE /* ViewController.swift in Sources */,
				D9D8D9B323BB66B80011A5FE /* AppDelegate.swift in Sources */,
			);
			runOnlyForDeploymentPostprocessing = 0;
		};
/* End PBXSourcesBuildPhase section */

/* Begin PBXVariantGroup section */
		D9D8D9B823BB66B80011A5FE /* Main.storyboard */ = {
			isa = PBXVariantGroup;
			children = (
				D9D8D9B923BB66B80011A5FE /* Base */,
			);
			name = Main.storyboard;
			sourceTree = "<group>";
		};
		D9D8D9BD23BB66BA0011A5FE /* LaunchScreen.storyboard */ = {
			isa = PBXVariantGroup;
			children = (
				D9D8D9BE23BB66BA0011A5FE /* Base */,
			);
			name = LaunchScreen.storyboard;
			sourceTree = "<group>";
		};
/* End PBXVariantGroup section */

/* Begin XCBuildConfiguration section */
		D9D8D9C123BB66BA0011A5FE /* Debug */ = {
			isa = XCBuildConfiguration;
			buildSettings = {
				ALWAYS_SEARCH_USER_PATHS = NO;
				CLANG_ANALYZER_NONNULL = YES;
				CLANG_ANALYZER_NUMBER_OBJECT_CONVERSION = YES_AGGRESSIVE;
				CLANG_CXX_LANGUAGE_STANDARD = "gnu++14";
				CLANG_CXX_LIBRARY = "libc++";
				CLANG_ENABLE_MODULES = YES;
				CLANG_ENABLE_OBJC_ARC = YES;
				CLANG_ENABLE_OBJC_WEAK = YES;
				CLANG_WARN_BLOCK_CAPTURE_AUTORELEASING = YES;
				CLANG_WARN_BOOL_CONVERSION = YES;
				CLANG_WARN_COMMA = YES;
				CLANG_WARN_CONSTANT_CONVERSION = YES;
				CLANG_WARN_DEPRECATED_OBJC_IMPLEMENTATIONS = YES;
				CLANG_WARN_DIRECT_OBJC_ISA_USAGE = YES_ERROR;
				CLANG_WARN_DOCUMENTATION_COMMENTS = YES;
				CLANG_WARN_EMPTY_BODY = YES;
				CLANG_WARN_ENUM_CONVERSION = YES;
				CLANG_WARN_INFINITE_RECURSION = YES;
				CLANG_WARN_INT_CONVERSION = YES;
				CLANG_WARN_NON_LITERAL_NULL_CONVERSION = YES;
				CLANG_WARN_OBJC_IMPLICIT_RETAIN_SELF = YES;
				CLANG_WARN_OBJC_LITERAL_CONVERSION = YES;
				CLANG_WARN_OBJC_ROOT_CLASS = YES_ERROR;
				CLANG_WARN_RANGE_LOOP_ANALYSIS = YES;
				CLANG_WARN_STRICT_PROTOTYPES = YES;
				CLANG_WARN_SUSPICIOUS_MOVE = YES;
				CLANG_WARN_UNGUARDED_AVAILABILITY = YES_AGGRESSIVE;
				CLANG_WARN_UNREACHABLE_CODE = YES;
				CLANG_WARN__DUPLICATE_METHOD_MATCH = YES;
				COPY_PHASE_STRIP = NO;
				DEBUG_INFORMATION_FORMAT = dwarf;
				ENABLE_STRICT_OBJC_MSGSEND = YES;
				ENABLE_TESTABILITY = YES;
				GCC_C_LANGUAGE_STANDARD = gnu11;
				GCC_DYNAMIC_NO_PIC = NO;
				GCC_NO_COMMON_BLOCKS = YES;
				GCC_OPTIMIZATION_LEVEL = 0;
				GCC_PREPROCESSOR_DEFINITIONS = (
					"DEBUG=1",
					"$(inherited)",
				);
				GCC_WARN_64_TO_32_BIT_CONVERSION = YES;
				GCC_WARN_ABOUT_RETURN_TYPE = YES_ERROR;
				GCC_WARN_UNDECLARED_SELECTOR = YES;
				GCC_WARN_UNINITIALIZED_AUTOS = YES_AGGRESSIVE;
				GCC_WARN_UNUSED_FUNCTION = YES;
				GCC_WARN_UNUSED_VARIABLE = YES;
				IPHONEOS_DEPLOYMENT_TARGET = 13.2;
				MTL_ENABLE_DEBUG_INFO = INCLUDE_SOURCE;
				MTL_FAST_MATH = YES;
				ONLY_ACTIVE_ARCH = YES;
				SDKROOT = iphoneos;
				SWIFT_ACTIVE_COMPILATION_CONDITIONS = DEBUG;
				SWIFT_OPTIMIZATION_LEVEL = "-Onone";
			};
			name = Debug;
		};
		D9D8D9C223BB66BA0011A5FE /* Release */ = {
			isa = XCBuildConfiguration;
			buildSettings = {
				ALWAYS_SEARCH_USER_PATHS = NO;
				CLANG_ANALYZER_NONNULL = YES;
				CLANG_ANALYZER_NUMBER_OBJECT_CONVERSION = YES_AGGRESSIVE;
				CLANG_CXX_LANGUAGE_STANDARD = "gnu++14";
				CLANG_CXX_LIBRARY = "libc++";
				CLANG_ENABLE_MODULES = YES;
				CLANG_ENABLE_OBJC_ARC = YES;
				CLANG_ENABLE_OBJC_WEAK = YES;
				CLANG_WARN_BLOCK_CAPTURE_AUTORELEASING = YES;
				CLANG_WARN_BOOL_CONVERSION = YES;
				CLANG_WARN_COMMA = YES;
				CLANG_WARN_CONSTANT_CONVERSION = YES;
				CLANG_WARN_DEPRECATED_OBJC_IMPLEMENTATIONS = YES;
				CLANG_WARN_DIRECT_OBJC_ISA_USAGE = YES_ERROR;
				CLANG_WARN_DOCUMENTATION_COMMENTS = YES;
				CLANG_WARN_EMPTY_BODY = YES;
				CLANG_WARN_ENUM_CONVERSION = YES;
				CLANG_WARN_INFINITE_RECURSION = YES;
				CLANG_WARN_INT_CONVERSION = YES;
				CLANG_WARN_NON_LITERAL_NULL_CONVERSION = YES;
				CLANG_WARN_OBJC_IMPLICIT_RETAIN_SELF = YES;
				CLANG_WARN_OBJC_LITERAL_CONVERSION = YES;
				CLANG_WARN_OBJC_ROOT_CLASS = YES_ERROR;
				CLANG_WARN_RANGE_LOOP_ANALYSIS = YES;
				CLANG_WARN_STRICT_PROTOTYPES = YES;
				CLANG_WARN_SUSPICIOUS_MOVE = YES;
				CLANG_WARN_UNGUARDED_AVAILABILITY = YES_AGGRESSIVE;
				CLANG_WARN_UNREACHABLE_CODE = YES;
				CLANG_WARN__DUPLICATE_METHOD_MATCH = YES;
				COPY_PHASE_STRIP = NO;
				DEBUG_INFORMATION_FORMAT = "dwarf-with-dsym";
				ENABLE_NS_ASSERTIONS = NO;
				ENABLE_STRICT_OBJC_MSGSEND = YES;
				GCC_C_LANGUAGE_STANDARD = gnu11;
				GCC_NO_COMMON_BLOCKS = YES;
				GCC_WARN_64_TO_32_BIT_CONVERSION = YES;
				GCC_WARN_ABOUT_RETURN_TYPE = YES_ERROR;
				GCC_WARN_UNDECLARED_SELECTOR = YES;
				GCC_WARN_UNINITIALIZED_AUTOS = YES_AGGRESSIVE;
				GCC_WARN_UNUSED_FUNCTION = YES;
				GCC_WARN_UNUSED_VARIABLE = YES;
				IPHONEOS_DEPLOYMENT_TARGET = 13.2;
				MTL_ENABLE_DEBUG_INFO = NO;
				MTL_FAST_MATH = YES;
				SDKROOT = iphoneos;
				SWIFT_COMPILATION_MODE = wholemodule;
				SWIFT_OPTIMIZATION_LEVEL = "-O";
				VALIDATE_PRODUCT = YES;
			};
			name = Release;
		};
		D9D8D9C423BB66BA0011A5FE /* Debug */ = {
			isa = XCBuildConfiguration;
			buildSettings = {
				ASSETCATALOG_COMPILER_APPICON_NAME = AppIcon;
				CODE_SIGN_STYLE = Automatic;
				INFOPLIST_FILE = languages/Info.plist;
				LD_RUNPATH_SEARCH_PATHS = (
					"$(inherited)",
					"@executable_path/Frameworks",
				);
				PRODUCT_BUNDLE_IDENTIFIER = com.aait.languages;
				PRODUCT_NAME = "$(TARGET_NAME)";
				SWIFT_VERSION = 5.0;
				TARGETED_DEVICE_FAMILY = "1,2";
			};
			name = Debug;
		};
		D9D8D9C523BB66BA0011A5FE /* Release */ = {
			isa = XCBuildConfiguration;
			buildSettings = {
				ASSETCATALOG_COMPILER_APPICON_NAME = AppIcon;
				CODE_SIGN_STYLE = Automatic;
				INFOPLIST_FILE = languages/Info.plist;
				LD_RUNPATH_SEARCH_PATHS = (
					"$(inherited)",
					"@executable_path/Frameworks",
				);
				PRODUCT_BUNDLE_IDENTIFIER = com.aait.languages;
				PRODUCT_NAME = "$(TARGET_NAME)";
				SWIFT_VERSION = 5.0;
				TARGETED_DEVICE_FAMILY = "1,2";
			};
			name = Release;
		};
/* End XCBuildConfiguration section */

/* Begin XCConfigurationList section */
		D9D8D9AA23BB66B80011A5FE /* Build configuration list for PBXProject "languages" */ = {
			isa = XCConfigurationList;
			buildConfigurations = (
				D9D8D9C123BB66BA0011A5FE /* Debug */,
				D9D8D9C223BB66BA0011A5FE /* Release */,
			);
			defaultConfigurationIsVisible = 0;
			defaultConfigurationName = Release;
		};
		D9D8D9C323BB66BA0011A5FE /* Build configuration list for PBXNativeTarget "languages" */ = {
			isa = XCConfigurationList;
			buildConfigurations = (
				D9D8D9C423BB66BA0011A5FE /* Debug */,
				D9D8D9C523BB66BA0011A5FE /* Release */,
			);
			defaultConfigurationIsVisible = 0;
			defaultConfigurationName = Release;
		};
/* End XCConfigurationList section */
	};
	rootObject = D9D8D9A723BB66B80011A5FE /* Project object */;
}
